// !$*UTF8*$!
{
	archiveVersion = 1;
	classes = {
	};
	objectVersion = 52;
	objects = {

/* Begin PBXBuildFile section */
		D87DCA1A26276189000668A3 /* AppDelegate.swift in Sources */ = {isa = PBXBuildFile; fileRef = D87DCA1926276189000668A3 /* AppDelegate.swift */; };
		D87DCA1C26276189000668A3 /* ViewController.swift in Sources */ = {isa = PBXBuildFile; fileRef = D87DCA1B26276189000668A3 /* ViewController.swift */; };
		D87DCA1E2627618A000668A3 /* Assets.xcassets in Resources */ = {isa = PBXBuildFile; fileRef = D87DCA1D2627618A000668A3 /* Assets.xcassets */; };
		D87DCA212627618A000668A3 /* Main.storyboard in Resources */ = {isa = PBXBuildFile; fileRef = D87DCA1F2627618A000668A3 /* Main.storyboard */; };
		D87DCA5226276321000668A3 /* AnalyticsManager.swift in Sources */ = {isa = PBXBuildFile; fileRef = D87DCA5126276321000668A3 /* AnalyticsManager.swift */; };
		D87DCA5D26276933000668A3 /* SimpleAnalytics in Frameworks */ = {isa = PBXBuildFile; productRef = D87DCA5C26276933000668A3 /* SimpleAnalytics */; };
		D8DE3BF52954E1BA0055BDB6 /* SimpleAnalytics in Frameworks */ = {isa = PBXBuildFile; productRef = D8DE3BF42954E1BA0055BDB6 /* SimpleAnalytics */; };
/* End PBXBuildFile section */

/* Begin PBXFileReference section */
		D87DCA1626276189000668A3 /* SimpleAnalyticsDemo-AppKit.app */ = {isa = PBXFileReference; explicitFileType = wrapper.application; includeInIndex = 0; path = "SimpleAnalyticsDemo-AppKit.app"; sourceTree = BUILT_PRODUCTS_DIR; };
		D87DCA1926276189000668A3 /* AppDelegate.swift */ = {isa = PBXFileReference; lastKnownFileType = sourcecode.swift; path = AppDelegate.swift; sourceTree = "<group>"; };
		D87DCA1B26276189000668A3 /* ViewController.swift */ = {isa = PBXFileReference; lastKnownFileType = sourcecode.swift; path = ViewController.swift; sourceTree = "<group>"; };
		D87DCA1D2627618A000668A3 /* Assets.xcassets */ = {isa = PBXFileReference; lastKnownFileType = folder.assetcatalog; path = Assets.xcassets; sourceTree = "<group>"; };
		D87DCA202627618A000668A3 /* Base */ = {isa = PBXFileReference; lastKnownFileType = file.storyboard; name = Base; path = Base.lproj/Main.storyboard; sourceTree = "<group>"; };
		D87DCA222627618A000668A3 /* Info.plist */ = {isa = PBXFileReference; lastKnownFileType = text.plist.xml; path = Info.plist; sourceTree = "<group>"; };
		D87DCA232627618A000668A3 /* SimpleAnalyticsDemo_AppKit.entitlements */ = {isa = PBXFileReference; lastKnownFileType = text.plist.entitlements; path = SimpleAnalyticsDemo_AppKit.entitlements; sourceTree = "<group>"; };
		D87DCA5126276321000668A3 /* AnalyticsManager.swift */ = {isa = PBXFileReference; fileEncoding = 4; lastKnownFileType = sourcecode.swift; name = AnalyticsManager.swift; path = ../../SimpleAnalyticsDemo/Shared/AnalyticsManager.swift; sourceTree = "<group>"; };
/* End PBXFileReference section */

/* Begin PBXFrameworksBuildPhase section */
		D87DCA1326276189000668A3 /* Frameworks */ = {
			isa = PBXFrameworksBuildPhase;
			buildActionMask = 2147483647;
			files = (
				D87DCA5D26276933000668A3 /* SimpleAnalytics in Frameworks */,
				D8DE3BF52954E1BA0055BDB6 /* SimpleAnalytics in Frameworks */,
			);
			runOnlyForDeploymentPostprocessing = 0;
		};
/* End PBXFrameworksBuildPhase section */

/* Begin PBXGroup section */
		D87DCA0D26276189000668A3 = {
			isa = PBXGroup;
			children = (
				D87DCA1826276189000668A3 /* SimpleAnalyticsDemo-AppKit */,
				D87DCA1726276189000668A3 /* Products */,
				D87DCA5B26276933000668A3 /* Frameworks */,
			);
			sourceTree = "<group>";
		};
		D87DCA1726276189000668A3 /* Products */ = {
			isa = PBXGroup;
			children = (
				D87DCA1626276189000668A3 /* SimpleAnalyticsDemo-AppKit.app */,
			);
			name = Products;
			sourceTree = "<group>";
		};
		D87DCA1826276189000668A3 /* SimpleAnalyticsDemo-AppKit */ = {
			isa = PBXGroup;
			children = (
				D87DCA1926276189000668A3 /* AppDelegate.swift */,
				D87DCA1B26276189000668A3 /* ViewController.swift */,
				D87DCA5126276321000668A3 /* AnalyticsManager.swift */,
				D87DCA1D2627618A000668A3 /* Assets.xcassets */,
				D87DCA1F2627618A000668A3 /* Main.storyboard */,
				D87DCA222627618A000668A3 /* Info.plist */,
				D87DCA232627618A000668A3 /* SimpleAnalyticsDemo_AppKit.entitlements */,
			);
			path = "SimpleAnalyticsDemo-AppKit";
			sourceTree = "<group>";
		};
		D87DCA5B26276933000668A3 /* Frameworks */ = {
			isa = PBXGroup;
			children = (
			);
			name = Frameworks;
			sourceTree = "<group>";
		};
/* End PBXGroup section */

/* Begin PBXNativeTarget section */
		D87DCA1526276189000668A3 /* SimpleAnalyticsDemo-AppKit */ = {
			isa = PBXNativeTarget;
			buildConfigurationList = D87DCA262627618A000668A3 /* Build configuration list for PBXNativeTarget "SimpleAnalyticsDemo-AppKit" */;
			buildPhases = (
				D87DCA1226276189000668A3 /* Sources */,
				D87DCA1326276189000668A3 /* Frameworks */,
				D87DCA1426276189000668A3 /* Resources */,
			);
			buildRules = (
			);
			dependencies = (
			);
			name = "SimpleAnalyticsDemo-AppKit";
			packageProductDependencies = (
				D87DCA5C26276933000668A3 /* SimpleAnalytics */,
				D8DE3BF42954E1BA0055BDB6 /* SimpleAnalytics */,
			);
			productName = "SimpleAnalyticsDemo-AppKit";
			productReference = D87DCA1626276189000668A3 /* SimpleAnalyticsDemo-AppKit.app */;
			productType = "com.apple.product-type.application";
		};
/* End PBXNativeTarget section */

/* Begin PBXProject section */
		D87DCA0E26276189000668A3 /* Project object */ = {
			isa = PBXProject;
			attributes = {
				LastSwiftUpdateCheck = 1240;
				LastUpgradeCheck = 1240;
				TargetAttributes = {
					D87DCA1526276189000668A3 = {
						CreatedOnToolsVersion = 12.4;
					};
				};
			};
			buildConfigurationList = D87DCA1126276189000668A3 /* Build configuration list for PBXProject "SimpleAnalyticsDemo-AppKit" */;
			compatibilityVersion = "Xcode 9.3";
			developmentRegion = en;
			hasScannedForEncodings = 0;
			knownRegions = (
				en,
				Base,
			);
			mainGroup = D87DCA0D26276189000668A3;
			packageReferences = (
				D8DE3BF32954E1BA0055BDB6 /* XCRemoteSwiftPackageReference "simple-analytics" */,
			);
			productRefGroup = D87DCA1726276189000668A3 /* Products */;
			projectDirPath = "";
			projectRoot = "";
			targets = (
				D87DCA1526276189000668A3 /* SimpleAnalyticsDemo-AppKit */,
			);
		};
/* End PBXProject section */

/* Begin PBXResourcesBuildPhase section */
		D87DCA1426276189000668A3 /* Resources */ = {
			isa = PBXResourcesBuildPhase;
			buildActionMask = 2147483647;
			files = (
				D87DCA1E2627618A000668A3 /* Assets.xcassets in Resources */,
				D87DCA212627618A000668A3 /* Main.storyboard in Resources */,
			);
			runOnlyForDeploymentPostprocessing = 0;
		};
/* End PBXResourcesBuildPhase section */

/* Begin PBXSourcesBuildPhase section */
		D87DCA1226276189000668A3 /* Sources */ = {
			isa = PBXSourcesBuildPhase;
			buildActionMask = 2147483647;
			files = (
				D87DCA5226276321000668A3 /* AnalyticsManager.swift in Sources */,
				D87DCA1C26276189000668A3 /* ViewController.swift in Sources */,
				D87DCA1A26276189000668A3 /* AppDelegate.swift in Sources */,
			);
			runOnlyForDeploymentPostprocessing = 0;
		};
/* End PBXSourcesBuildPhase section */

/* Begin PBXVariantGroup section */
		D87DCA1F2627618A000668A3 /* Main.storyboard */ = {
			isa = PBXVariantGroup;
			children = (
				D87DCA202627618A000668A3 /* Base */,
			);
			name = Main.storyboard;
			sourceTree = "<group>";
		};
/* End PBXVariantGroup section */

/* Begin XCBuildConfiguration section */
		D87DCA242627618A000668A3 /* Debug */ = {
			isa = XCBuildConfiguration;
			buildSettings = {
				ALWAYS_SEARCH_USER_PATHS = NO;
				CLANG_ANALYZER_NONNULL = YES;
				CLANG_ANALYZER_NUMBER_OBJECT_CONVERSION = YES_AGGRESSIVE;
				CLANG_CXX_LANGUAGE_STANDARD = "gnu++14";
				CLANG_CXX_LIBRARY = "libc++";
				CLANG_ENABLE_MODULES = YES;
				CLANG_ENABLE_OBJC_ARC = YES;
				CLANG_ENABLE_OBJC_WEAK = YES;
				CLANG_WARN_BLOCK_CAPTURE_AUTORELEASING = YES;
				CLANG_WARN_BOOL_CONVERSION = YES;
				CLANG_WARN_COMMA = YES;
				CLANG_WARN_CONSTANT_CONVERSION = YES;
				CLANG_WARN_DEPRECATED_OBJC_IMPLEMENTATIONS = YES;
				CLANG_WARN_DIRECT_OBJC_ISA_USAGE = YES_ERROR;
				CLANG_WARN_DOCUMENTATION_COMMENTS = YES;
				CLANG_WARN_EMPTY_BODY = YES;
				CLANG_WARN_ENUM_CONVERSION = YES;
				CLANG_WARN_INFINITE_RECURSION = YES;
				CLANG_WARN_INT_CONVERSION = YES;
				CLANG_WARN_NON_LITERAL_NULL_CONVERSION = YES;
				CLANG_WARN_OBJC_IMPLICIT_RETAIN_SELF = YES;
				CLANG_WARN_OBJC_LITERAL_CONVERSION = YES;
				CLANG_WARN_OBJC_ROOT_CLASS = YES_ERROR;
				CLANG_WARN_QUOTED_INCLUDE_IN_FRAMEWORK_HEADER = YES;
				CLANG_WARN_RANGE_LOOP_ANALYSIS = YES;
				CLANG_WARN_STRICT_PROTOTYPES = YES;
				CLANG_WARN_SUSPICIOUS_MOVE = YES;
				CLANG_WARN_UNGUARDED_AVAILABILITY = YES_AGGRESSIVE;
				CLANG_WARN_UNREACHABLE_CODE = YES;
				CLANG_WARN__DUPLICATE_METHOD_MATCH = YES;
				COPY_PHASE_STRIP = NO;
				DEBUG_INFORMATION_FORMAT = dwarf;
				ENABLE_STRICT_OBJC_MSGSEND = YES;
				ENABLE_TESTABILITY = YES;
				GCC_C_LANGUAGE_STANDARD = gnu11;
				GCC_DYNAMIC_NO_PIC = NO;
				GCC_NO_COMMON_BLOCKS = YES;
				GCC_OPTIMIZATION_LEVEL = 0;
				GCC_PREPROCESSOR_DEFINITIONS = (
					"DEBUG=1",
					"$(inherited)",
				);
				GCC_WARN_64_TO_32_BIT_CONVERSION = YES;
				GCC_WARN_ABOUT_RETURN_TYPE = YES_ERROR;
				GCC_WARN_UNDECLARED_SELECTOR = YES;
				GCC_WARN_UNINITIALIZED_AUTOS = YES_AGGRESSIVE;
				GCC_WARN_UNUSED_FUNCTION = YES;
				GCC_WARN_UNUSED_VARIABLE = YES;
				MACOSX_DEPLOYMENT_TARGET = 11.1;
				MTL_ENABLE_DEBUG_INFO = INCLUDE_SOURCE;
				MTL_FAST_MATH = YES;
				ONLY_ACTIVE_ARCH = YES;
				SDKROOT = macosx;
				SWIFT_ACTIVE_COMPILATION_CONDITIONS = DEBUG;
				SWIFT_OPTIMIZATION_LEVEL = "-Onone";
			};
			name = Debug;
		};
		D87DCA252627618A000668A3 /* Release */ = {
			isa = XCBuildConfiguration;
			buildSettings = {
				ALWAYS_SEARCH_USER_PATHS = NO;
				CLANG_ANALYZER_NONNULL = YES;
				CLANG_ANALYZER_NUMBER_OBJECT_CONVERSION = YES_AGGRESSIVE;
				CLANG_CXX_LANGUAGE_STANDARD = "gnu++14";
				CLANG_CXX_LIBRARY = "libc++";
				CLANG_ENABLE_MODULES = YES;
				CLANG_ENABLE_OBJC_ARC = YES;
				CLANG_ENABLE_OBJC_WEAK = YES;
				CLANG_WARN_BLOCK_CAPTURE_AUTORELEASING = YES;
				CLANG_WARN_BOOL_CONVERSION = YES;
				CLANG_WARN_COMMA = YES;
				CLANG_WARN_CONSTANT_CONVERSION = YES;
				CLANG_WARN_DEPRECATED_OBJC_IMPLEMENTATIONS = YES;
				CLANG_WARN_DIRECT_OBJC_ISA_USAGE = YES_ERROR;
				CLANG_WARN_DOCUMENTATION_COMMENTS = YES;
				CLANG_WARN_EMPTY_BODY = YES;
				CLANG_WARN_ENUM_CONVERSION = YES;
				CLANG_WARN_INFINITE_RECURSION = YES;
				CLANG_WARN_INT_CONVERSION = YES;
				CLANG_WARN_NON_LITERAL_NULL_CONVERSION = YES;
				CLANG_WARN_OBJC_IMPLICIT_RETAIN_SELF = YES;
				CLANG_WARN_OBJC_LITERAL_CONVERSION = YES;
				CLANG_WARN_OBJC_ROOT_CLASS = YES_ERROR;
				CLANG_WARN_QUOTED_INCLUDE_IN_FRAMEWORK_HEADER = YES;
				CLANG_WARN_RANGE_LOOP_ANALYSIS = YES;
				CLANG_WARN_STRICT_PROTOTYPES = YES;
				CLANG_WARN_SUSPICIOUS_MOVE = YES;
				CLANG_WARN_UNGUARDED_AVAILABILITY = YES_AGGRESSIVE;
				CLANG_WARN_UNREACHABLE_CODE = YES;
				CLANG_WARN__DUPLICATE_METHOD_MATCH = YES;
				COPY_PHASE_STRIP = NO;
				DEBUG_INFORMATION_FORMAT = "dwarf-with-dsym";
				ENABLE_NS_ASSERTIONS = NO;
				ENABLE_STRICT_OBJC_MSGSEND = YES;
				GCC_C_LANGUAGE_STANDARD = gnu11;
				GCC_NO_COMMON_BLOCKS = YES;
				GCC_WARN_64_TO_32_BIT_CONVERSION = YES;
				GCC_WARN_ABOUT_RETURN_TYPE = YES_ERROR;
				GCC_WARN_UNDECLARED_SELECTOR = YES;
				GCC_WARN_UNINITIALIZED_AUTOS = YES_AGGRESSIVE;
				GCC_WARN_UNUSED_FUNCTION = YES;
				GCC_WARN_UNUSED_VARIABLE = YES;
				MACOSX_DEPLOYMENT_TARGET = 11.1;
				MTL_ENABLE_DEBUG_INFO = NO;
				MTL_FAST_MATH = YES;
				SDKROOT = macosx;
				SWIFT_COMPILATION_MODE = wholemodule;
				SWIFT_OPTIMIZATION_LEVEL = "-O";
			};
			name = Release;
		};
		D87DCA272627618A000668A3 /* Debug */ = {
			isa = XCBuildConfiguration;
			buildSettings = {
				ASSETCATALOG_COMPILER_APPICON_NAME = AppIcon;
				ASSETCATALOG_COMPILER_GLOBAL_ACCENT_COLOR_NAME = AccentColor;
				CODE_SIGN_ENTITLEMENTS = "SimpleAnalyticsDemo-AppKit/SimpleAnalyticsDemo_AppKit.entitlements";
				CODE_SIGN_STYLE = Automatic;
				COMBINE_HIDPI_IMAGES = YES;
				DEVELOPMENT_TEAM = B75Q6TLYBM;
				ENABLE_HARDENED_RUNTIME = YES;
				INFOPLIST_FILE = "SimpleAnalyticsDemo-AppKit/Info.plist";
				LD_RUNPATH_SEARCH_PATHS = (
					"$(inherited)",
					"@executable_path/../Frameworks",
				);
				MACOSX_DEPLOYMENT_TARGET = 10.13;
				PRODUCT_BUNDLE_IDENTIFIER = "com.dennisbirch.SimpleAnalyticsDemo-AppKit";
				PRODUCT_NAME = "$(TARGET_NAME)";
				SWIFT_VERSION = 5.0;
			};
			name = Debug;
		};
		D87DCA282627618A000668A3 /* Release */ = {
			isa = XCBuildConfiguration;
			buildSettings = {
				ASSETCATALOG_COMPILER_APPICON_NAME = AppIcon;
				ASSETCATALOG_COMPILER_GLOBAL_ACCENT_COLOR_NAME = AccentColor;
				CODE_SIGN_ENTITLEMENTS = "SimpleAnalyticsDemo-AppKit/SimpleAnalyticsDemo_AppKit.entitlements";
				CODE_SIGN_STYLE = Automatic;
				COMBINE_HIDPI_IMAGES = YES;
				DEVELOPMENT_TEAM = B75Q6TLYBM;
				ENABLE_HARDENED_RUNTIME = YES;
				INFOPLIST_FILE = "SimpleAnalyticsDemo-AppKit/Info.plist";
				LD_RUNPATH_SEARCH_PATHS = (
					"$(inherited)",
					"@executable_path/../Frameworks",
				);
				MACOSX_DEPLOYMENT_TARGET = 10.13;
				PRODUCT_BUNDLE_IDENTIFIER = "com.dennisbirch.SimpleAnalyticsDemo-AppKit";
				PRODUCT_NAME = "$(TARGET_NAME)";
				SWIFT_VERSION = 5.0;
			};
			name = Release;
		};
/* End XCBuildConfiguration section */

/* Begin XCConfigurationList section */
		D87DCA1126276189000668A3 /* Build configuration list for PBXProject "SimpleAnalyticsDemo-AppKit" */ = {
			isa = XCConfigurationList;
			buildConfigurations = (
				D87DCA242627618A000668A3 /* Debug */,
				D87DCA252627618A000668A3 /* Release */,
			);
			defaultConfigurationIsVisible = 0;
			defaultConfigurationName = Release;
		};
		D87DCA262627618A000668A3 /* Build configuration list for PBXNativeTarget "SimpleAnalyticsDemo-AppKit" */ = {
			isa = XCConfigurationList;
			buildConfigurations = (
				D87DCA272627618A000668A3 /* Debug */,
				D87DCA282627618A000668A3 /* Release */,
			);
			defaultConfigurationIsVisible = 0;
			defaultConfigurationName = Release;
		};
/* End XCConfigurationList section */

/* Begin XCRemoteSwiftPackageReference section */
		D8DE3BF32954E1BA0055BDB6 /* XCRemoteSwiftPackageReference "simple-analytics" */ = {
			isa = XCRemoteSwiftPackageReference;
			repositoryURL = "https://github.com/dennisbirch/simple-analytics.git";
			requirement = {
				branch = master;
				kind = branch;
			};
		};
/* End XCRemoteSwiftPackageReference section */

/* Begin XCSwiftPackageProductDependency section */
		D87DCA5C26276933000668A3 /* SimpleAnalytics */ = {
			isa = XCSwiftPackageProductDependency;
			productName = SimpleAnalytics;
		};
		D8DE3BF42954E1BA0055BDB6 /* SimpleAnalytics */ = {
			isa = XCSwiftPackageProductDependency;
			package = D8DE3BF32954E1BA0055BDB6 /* XCRemoteSwiftPackageReference "simple-analytics" */;
			productName = SimpleAnalytics;
		};
/* End XCSwiftPackageProductDependency section */
	};
	rootObject = D87DCA0E26276189000668A3 /* Project object */;
}
